
Microsoft Visual Studio Solution File, Format Version 12.00
# Visual Studio Version 17
VisualStudioVersion = 17.12.35527.113 d17.12
MinimumVisualStudioVersion = 10.0.40219.1
Project("{FAE04EC0-301F-11D3-BF4B-00C04F79EFBC}") = "Mutli", "Project1\Mutli.csproj", "{0940E919-9FC6-4494-85EF-C895B15AAFD8}"
EndProject
Project("{FAE04EC0-301F-11D3-BF4B-00C04F79EFBC}") = "IPC", "IPC\IPC.csproj", "{C6BE238A-9B5D-4966-A107-FF9121F3BE58}"
EndProject
Global
	GlobalSection(SolutionConfigurationPlatforms) = preSolution
		Debug|Any CPU = Debug|Any CPU
		Release|Any CPU = Release|Any CPU
	EndGlobalSection
	GlobalSection(ProjectConfigurationPlatforms) = postSolution
		{0940E919-9FC6-4494-85EF-C895B15AAFD8}.Debug|Any CPU.ActiveCfg = Debug|Any CPU
		{0940E919-9FC6-4494-85EF-C895B15AAFD8}.Debug|Any CPU.Build.0 = Debug|Any CPU
		{0940E919-9FC6-4494-85EF-C895B15AAFD8}.Release|Any CPU.ActiveCfg = Release|Any CPU
		{0940E919-9FC6-4494-85EF-C895B15AAFD8}.Release|Any CPU.Build.0 = Release|Any CPU
		{C6BE238A-9B5D-4966-A107-FF9121F3BE58}.Debug|Any CPU.ActiveCfg = Debug|Any CPU
		{C6BE238A-9B5D-4966-A107-FF9121F3BE58}.Debug|Any CPU.Build.0 = Debug|Any CPU
		{C6BE238A-9B5D-4966-A107-FF9121F3BE58}.Release|Any CPU.ActiveCfg = Release|Any CPU
		{C6BE238A-9B5D-4966-A107-FF9121F3BE58}.Release|Any CPU.Build.0 = Release|Any CPU
	EndGlobalSection
	GlobalSection(SolutionProperties) = preSolution
		HideSolutionNode = FALSE
	EndGlobalSection
EndGlobal
